
Microsoft Visual Studio Solution File, Format Version 12.00
# Visual Studio Version 17
VisualStudioVersion = 17.14.36202.13 d17.14
MinimumVisualStudioVersion = 10.0.40219.1
Project("{54A90642-561A-4BB1-A94E-469ADEE60C69}") = "othercard", "Othercard\othercard.esproj", "{B176A615-18BB-DE29-CF76-1F0FB1137CDA}"
EndProject
Global
	GlobalSection(SolutionConfigurationPlatforms) = preSolution
		Debug|Any CPU = Debug|Any CPU
		Release|Any CPU = Release|Any CPU
	EndGlobalSection
	GlobalSection(ProjectConfigurationPlatforms) = postSolution
		{B176A615-18BB-DE29-CF76-1F0FB1137CDA}.Debug|Any CPU.ActiveCfg = Debug|Any CPU
		{B176A615-18BB-DE29-CF76-1F0FB1137CDA}.Debug|Any CPU.Build.0 = Debug|Any CPU
		{B176A615-18BB-DE29-CF76-1F0FB1137CDA}.Debug|Any CPU.Deploy.0 = Debug|Any CPU
		{B176A615-18BB-DE29-CF76-1F0FB1137CDA}.Release|Any CPU.ActiveCfg = Release|Any CPU
		{B176A615-18BB-DE29-CF76-1F0FB1137CDA}.Release|Any CPU.Build.0 = Release|Any CPU
		{B176A615-18BB-DE29-CF76-1F0FB1137CDA}.Release|Any CPU.Deploy.0 = Release|Any CPU
	EndGlobalSection
	GlobalSection(SolutionProperties) = preSolution
		HideSolutionNode = FALSE
	EndGlobalSection
	GlobalSection(ExtensibilityGlobals) = postSolution
		SolutionGuid = {D5E92E7D-606F-4E2E-8DC1-BCAD411B5FE9}
	EndGlobalSection
EndGlobal
